
Microsoft Visual Studio Solution File, Format Version 12.00
# Visual Studio Version 16
VisualStudioVersion = 16.0.32002.261
MinimumVisualStudioVersion = 10.0.40219.1
Project("{FAE04EC0-301F-11D3-BF4B-00C04F79EFBC}") = "WpfLab_14_2", "WpfLab_14_2\WpfLab_14_2.csproj", "{CD47A7A5-2C57-4BFF-931C-4AA016AA7750}"
EndProject
Global
	GlobalSection(SolutionConfigurationPlatforms) = preSolution
		Debug|Any CPU = Debug|Any CPU
		Release|Any CPU = Release|Any CPU
	EndGlobalSection
	GlobalSection(ProjectConfigurationPlatforms) = postSolution
		{CD47A7A5-2C57-4BFF-931C-4AA016AA7750}.Debug|Any CPU.ActiveCfg = Debug|Any CPU
		{CD47A7A5-2C57-4BFF-931C-4AA016AA7750}.Debug|Any CPU.Build.0 = Debug|Any CPU
		{CD47A7A5-2C57-4BFF-931C-4AA016AA7750}.Release|Any CPU.ActiveCfg = Release|Any CPU
		{CD47A7A5-2C57-4BFF-931C-4AA016AA7750}.Release|Any CPU.Build.0 = Release|Any CPU
	EndGlobalSection
	GlobalSection(SolutionProperties) = preSolution
		HideSolutionNode = FALSE
	EndGlobalSection
	GlobalSection(ExtensibilityGlobals) = postSolution
		SolutionGuid = {63728DE8-3FAE-4493-90D5-E4FDA960A424}
	EndGlobalSection
EndGlobal
